// !$*UTF8*$!
{
	archiveVersion = 1;
	classes = {
	};
	objectVersion = 46;
	objects = {

/* Begin PBXBuildFile section */
		7A1DC2EA1A8FAA020055777E /* AppDelegate.swift in Sources */ = {isa = PBXBuildFile; fileRef = 7A1DC2E91A8FAA020055777E /* AppDelegate.swift */; };
		7A1DC2EE1A8FAA020055777E /* GameScene.swift in Sources */ = {isa = PBXBuildFile; fileRef = 7A1DC2ED1A8FAA020055777E /* GameScene.swift */; };
		7A1DC2F01A8FAA020055777E /* GameViewController.swift in Sources */ = {isa = PBXBuildFile; fileRef = 7A1DC2EF1A8FAA020055777E /* GameViewController.swift */; };
		7A1DC2F31A8FAA020055777E /* Main.storyboard in Resources */ = {isa = PBXBuildFile; fileRef = 7A1DC2F11A8FAA020055777E /* Main.storyboard */; };
		7A1DC2F51A8FAA020055777E /* Images.xcassets in Resources */ = {isa = PBXBuildFile; fileRef = 7A1DC2F41A8FAA020055777E /* Images.xcassets */; };
		7A1DC2F81A8FAA020055777E /* LaunchScreen.xib in Resources */ = {isa = PBXBuildFile; fileRef = 7A1DC2F61A8FAA020055777E /* LaunchScreen.xib */; };
		7A1DC3041A8FAA020055777E /* BouncelutionTests.swift in Sources */ = {isa = PBXBuildFile; fileRef = 7A1DC3031A8FAA020055777E /* BouncelutionTests.swift */; };
		7A251D471A92CF140095E9F7 /* Enemy.swift in Sources */ = {isa = PBXBuildFile; fileRef = 7A251D461A92CF140095E9F7 /* Enemy.swift */; };
		7A29AA1C1A92678200FCB465 /* Arena.swift in Sources */ = {isa = PBXBuildFile; fileRef = 7A29AA1B1A92678200FCB465 /* Arena.swift */; };
		7AC26DB91A9254E300C9E44E /* Extensions.swift in Sources */ = {isa = PBXBuildFile; fileRef = 7AC26DB81A9254E300C9E44E /* Extensions.swift */; };
		7AC26DBB1A9255E200C9E44E /* Player.swift in Sources */ = {isa = PBXBuildFile; fileRef = 7AC26DBA1A9255E200C9E44E /* Player.swift */; };
/* End PBXBuildFile section */

/* Begin PBXContainerItemProxy section */
		7A1DC2FE1A8FAA020055777E /* PBXContainerItemProxy */ = {
			isa = PBXContainerItemProxy;
			containerPortal = 7A1DC2DC1A8FAA020055777E /* Project object */;
			proxyType = 1;
			remoteGlobalIDString = 7A1DC2E31A8FAA020055777E;
			remoteInfo = Bouncelution;
		};
/* End PBXContainerItemProxy section */

/* Begin PBXFileReference section */
		7A1DC2E41A8FAA020055777E /* Bouncelution.app */ = {isa = PBXFileReference; explicitFileType = wrapper.application; includeInIndex = 0; path = Bouncelution.app; sourceTree = BUILT_PRODUCTS_DIR; };
		7A1DC2E81A8FAA020055777E /* Info.plist */ = {isa = PBXFileReference; lastKnownFileType = text.plist.xml; path = Info.plist; sourceTree = "<group>"; };
		7A1DC2E91A8FAA020055777E /* AppDelegate.swift */ = {isa = PBXFileReference; lastKnownFileType = sourcecode.swift; path = AppDelegate.swift; sourceTree = "<group>"; };
		7A1DC2ED1A8FAA020055777E /* GameScene.swift */ = {isa = PBXFileReference; lastKnownFileType = sourcecode.swift; path = GameScene.swift; sourceTree = "<group>"; };
		7A1DC2EF1A8FAA020055777E /* GameViewController.swift */ = {isa = PBXFileReference; lastKnownFileType = sourcecode.swift; path = GameViewController.swift; sourceTree = "<group>"; };
		7A1DC2F21A8FAA020055777E /* Base */ = {isa = PBXFileReference; lastKnownFileType = file.storyboard; name = Base; path = Base.lproj/Main.storyboard; sourceTree = "<group>"; };
		7A1DC2F41A8FAA020055777E /* Images.xcassets */ = {isa = PBXFileReference; lastKnownFileType = folder.assetcatalog; path = Images.xcassets; sourceTree = "<group>"; };
		7A1DC2F71A8FAA020055777E /* Base */ = {isa = PBXFileReference; lastKnownFileType = file.xib; name = Base; path = Base.lproj/LaunchScreen.xib; sourceTree = "<group>"; };
		7A1DC2FD1A8FAA020055777E /* BouncelutionTests.xctest */ = {isa = PBXFileReference; explicitFileType = wrapper.cfbundle; includeInIndex = 0; path = BouncelutionTests.xctest; sourceTree = BUILT_PRODUCTS_DIR; };
		7A1DC3021A8FAA020055777E /* Info.plist */ = {isa = PBXFileReference; lastKnownFileType = text.plist.xml; path = Info.plist; sourceTree = "<group>"; };
		7A1DC3031A8FAA020055777E /* BouncelutionTests.swift */ = {isa = PBXFileReference; lastKnownFileType = sourcecode.swift; path = BouncelutionTests.swift; sourceTree = "<group>"; };
		7A251D461A92CF140095E9F7 /* Enemy.swift */ = {isa = PBXFileReference; fileEncoding = 4; lastKnownFileType = sourcecode.swift; path = Enemy.swift; sourceTree = "<group>"; };
		7A29AA1B1A92678200FCB465 /* Arena.swift */ = {isa = PBXFileReference; fileEncoding = 4; lastKnownFileType = sourcecode.swift; path = Arena.swift; sourceTree = "<group>"; };
		7AC26DB81A9254E300C9E44E /* Extensions.swift */ = {isa = PBXFileReference; fileEncoding = 4; lastKnownFileType = sourcecode.swift; path = Extensions.swift; sourceTree = "<group>"; };
		7AC26DBA1A9255E200C9E44E /* Player.swift */ = {isa = PBXFileReference; fileEncoding = 4; lastKnownFileType = sourcecode.swift; path = Player.swift; sourceTree = "<group>"; };
/* End PBXFileReference section */

/* Begin PBXFrameworksBuildPhase section */
		7A1DC2E11A8FAA020055777E /* Frameworks */ = {
			isa = PBXFrameworksBuildPhase;
			buildActionMask = 2147483647;
			files = (
			);
			runOnlyForDeploymentPostprocessing = 0;
		};
		7A1DC2FA1A8FAA020055777E /* Frameworks */ = {
			isa = PBXFrameworksBuildPhase;
			buildActionMask = 2147483647;
			files = (
			);
			runOnlyForDeploymentPostprocessing = 0;
		};
/* End PBXFrameworksBuildPhase section */

/* Begin PBXGroup section */
		7A1DC2DB1A8FAA020055777E = {
			isa = PBXGroup;
			children = (
				7A1DC2E61A8FAA020055777E /* Bouncelution */,
				7A1DC3001A8FAA020055777E /* BouncelutionTests */,
				7A1DC2E51A8FAA020055777E /* Products */,
			);
			sourceTree = "<group>";
		};
		7A1DC2E51A8FAA020055777E /* Products */ = {
			isa = PBXGroup;
			children = (
				7A1DC2E41A8FAA020055777E /* Bouncelution.app */,
				7A1DC2FD1A8FAA020055777E /* BouncelutionTests.xctest */,
			);
			name = Products;
			sourceTree = "<group>";
		};
		7A1DC2E61A8FAA020055777E /* Bouncelution */ = {
			isa = PBXGroup;
			children = (
				7A1DC2E91A8FAA020055777E /* AppDelegate.swift */,
				7A1DC2ED1A8FAA020055777E /* GameScene.swift */,
				7A1DC2EF1A8FAA020055777E /* GameViewController.swift */,
				7A1DC2F11A8FAA020055777E /* Main.storyboard */,
				7A1DC2F41A8FAA020055777E /* Images.xcassets */,
				7A1DC2F61A8FAA020055777E /* LaunchScreen.xib */,
				7A1DC2E71A8FAA020055777E /* Supporting Files */,
				7AC26DB81A9254E300C9E44E /* Extensions.swift */,
				7AC26DBA1A9255E200C9E44E /* Player.swift */,
				7A29AA1B1A92678200FCB465 /* Arena.swift */,
				7A251D461A92CF140095E9F7 /* Enemy.swift */,
			);
			path = Bouncelution;
			sourceTree = "<group>";
		};
		7A1DC2E71A8FAA020055777E /* Supporting Files */ = {
			isa = PBXGroup;
			children = (
				7A1DC2E81A8FAA020055777E /* Info.plist */,
			);
			name = "Supporting Files";
			sourceTree = "<group>";
		};
		7A1DC3001A8FAA020055777E /* BouncelutionTests */ = {
			isa = PBXGroup;
			children = (
				7A1DC3031A8FAA020055777E /* BouncelutionTests.swift */,
				7A1DC3011A8FAA020055777E /* Supporting Files */,
			);
			path = BouncelutionTests;
			sourceTree = "<group>";
		};
		7A1DC3011A8FAA020055777E /* Supporting Files */ = {
			isa = PBXGroup;
			children = (
				7A1DC3021A8FAA020055777E /* Info.plist */,
			);
			name = "Supporting Files";
			sourceTree = "<group>";
		};
/* End PBXGroup section */

/* Begin PBXNativeTarget section */
		7A1DC2E31A8FAA020055777E /* Bouncelution */ = {
			isa = PBXNativeTarget;
			buildConfigurationList = 7A1DC3071A8FAA020055777E /* Build configuration list for PBXNativeTarget "Bouncelution" */;
			buildPhases = (
				7A1DC2E01A8FAA020055777E /* Sources */,
				7A1DC2E11A8FAA020055777E /* Frameworks */,
				7A1DC2E21A8FAA020055777E /* Resources */,
			);
			buildRules = (
			);
			dependencies = (
			);
			name = Bouncelution;
			productName = Bouncelution;
			productReference = 7A1DC2E41A8FAA020055777E /* Bouncelution.app */;
			productType = "com.apple.product-type.application";
		};
		7A1DC2FC1A8FAA020055777E /* BouncelutionTests */ = {
			isa = PBXNativeTarget;
			buildConfigurationList = 7A1DC30A1A8FAA020055777E /* Build configuration list for PBXNativeTarget "BouncelutionTests" */;
			buildPhases = (
				7A1DC2F91A8FAA020055777E /* Sources */,
				7A1DC2FA1A8FAA020055777E /* Frameworks */,
				7A1DC2FB1A8FAA020055777E /* Resources */,
			);
			buildRules = (
			);
			dependencies = (
				7A1DC2FF1A8FAA020055777E /* PBXTargetDependency */,
			);
			name = BouncelutionTests;
			productName = BouncelutionTests;
			productReference = 7A1DC2FD1A8FAA020055777E /* BouncelutionTests.xctest */;
			productType = "com.apple.product-type.bundle.unit-test";
		};
/* End PBXNativeTarget section */

/* Begin PBXProject section */
		7A1DC2DC1A8FAA020055777E /* Project object */ = {
			isa = PBXProject;
			attributes = {
				LastUpgradeCheck = 0610;
				ORGANIZATIONNAME = "Rohun Banerji";
				TargetAttributes = {
					7A1DC2E31A8FAA020055777E = {
						CreatedOnToolsVersion = 6.1.1;
					};
					7A1DC2FC1A8FAA020055777E = {
						CreatedOnToolsVersion = 6.1.1;
						TestTargetID = 7A1DC2E31A8FAA020055777E;
					};
				};
			};
			buildConfigurationList = 7A1DC2DF1A8FAA020055777E /* Build configuration list for PBXProject "Bouncelution" */;
			compatibilityVersion = "Xcode 3.2";
			developmentRegion = English;
			hasScannedForEncodings = 0;
			knownRegions = (
				en,
				Base,
			);
			mainGroup = 7A1DC2DB1A8FAA020055777E;
			productRefGroup = 7A1DC2E51A8FAA020055777E /* Products */;
			projectDirPath = "";
			projectRoot = "";
			targets = (
				7A1DC2E31A8FAA020055777E /* Bouncelution */,
				7A1DC2FC1A8FAA020055777E /* BouncelutionTests */,
			);
		};
/* End PBXProject section */

/* Begin PBXResourcesBuildPhase section */
		7A1DC2E21A8FAA020055777E /* Resources */ = {
			isa = PBXResourcesBuildPhase;
			buildActionMask = 2147483647;
			files = (
				7A1DC2F81A8FAA020055777E /* LaunchScreen.xib in Resources */,
				7A1DC2F51A8FAA020055777E /* Images.xcassets in Resources */,
				7A1DC2F31A8FAA020055777E /* Main.storyboard in Resources */,
			);
			runOnlyForDeploymentPostprocessing = 0;
		};
		7A1DC2FB1A8FAA020055777E /* Resources */ = {
			isa = PBXResourcesBuildPhase;
			buildActionMask = 2147483647;
			files = (
			);
			runOnlyForDeploymentPostprocessing = 0;
		};
/* End PBXResourcesBuildPhase section */

/* Begin PBXSourcesBuildPhase section */
		7A1DC2E01A8FAA020055777E /* Sources */ = {
			isa = PBXSourcesBuildPhase;
			buildActionMask = 2147483647;
			files = (
				7A251D471A92CF140095E9F7 /* Enemy.swift in Sources */,
				7A1DC2EE1A8FAA020055777E /* GameScene.swift in Sources */,
				7A1DC2F01A8FAA020055777E /* GameViewController.swift in Sources */,
				7A1DC2EA1A8FAA020055777E /* AppDelegate.swift in Sources */,
				7AC26DBB1A9255E200C9E44E /* Player.swift in Sources */,
				7AC26DB91A9254E300C9E44E /* Extensions.swift in Sources */,
				7A29AA1C1A92678200FCB465 /* Arena.swift in Sources */,
			);
			runOnlyForDeploymentPostprocessing = 0;
		};
		7A1DC2F91A8FAA020055777E /* Sources */ = {
			isa = PBXSourcesBuildPhase;
			buildActionMask = 2147483647;
			files = (
				7A1DC3041A8FAA020055777E /* BouncelutionTests.swift in Sources */,
			);
			runOnlyForDeploymentPostprocessing = 0;
		};
/* End PBXSourcesBuildPhase section */

/* Begin PBXTargetDependency section */
		7A1DC2FF1A8FAA020055777E /* PBXTargetDependency */ = {
			isa = PBXTargetDependency;
			target = 7A1DC2E31A8FAA020055777E /* Bouncelution */;
			targetProxy = 7A1DC2FE1A8FAA020055777E /* PBXContainerItemProxy */;
		};
/* End PBXTargetDependency section */

/* Begin PBXVariantGroup section */
		7A1DC2F11A8FAA020055777E /* Main.storyboard */ = {
			isa = PBXVariantGroup;
			children = (
				7A1DC2F21A8FAA020055777E /* Base */,
			);
			name = Main.storyboard;
			sourceTree = "<group>";
		};
		7A1DC2F61A8FAA020055777E /* LaunchScreen.xib */ = {
			isa = PBXVariantGroup;
			children = (
				7A1DC2F71A8FAA020055777E /* Base */,
			);
			name = LaunchScreen.xib;
			sourceTree = "<group>";
		};
/* End PBXVariantGroup section */

/* Begin XCBuildConfiguration section */
		7A1DC3051A8FAA020055777E /* Debug */ = {
			isa = XCBuildConfiguration;
			buildSettings = {
				ALWAYS_SEARCH_USER_PATHS = NO;
				CLANG_CXX_LANGUAGE_STANDARD = "gnu++0x";
				CLANG_CXX_LIBRARY = "libc++";
				CLANG_ENABLE_MODULES = YES;
				CLANG_ENABLE_OBJC_ARC = YES;
				CLANG_WARN_BOOL_CONVERSION = YES;
				CLANG_WARN_CONSTANT_CONVERSION = YES;
				CLANG_WARN_DIRECT_OBJC_ISA_USAGE = YES_ERROR;
				CLANG_WARN_EMPTY_BODY = YES;
				CLANG_WARN_ENUM_CONVERSION = YES;
				CLANG_WARN_INT_CONVERSION = YES;
				CLANG_WARN_OBJC_ROOT_CLASS = YES_ERROR;
				CLANG_WARN_UNREACHABLE_CODE = YES;
				CLANG_WARN__DUPLICATE_METHOD_MATCH = YES;
				"CODE_SIGN_IDENTITY[sdk=iphoneos*]" = "iPhone Developer";
				COPY_PHASE_STRIP = NO;
				ENABLE_STRICT_OBJC_MSGSEND = YES;
				GCC_C_LANGUAGE_STANDARD = gnu99;
				GCC_DYNAMIC_NO_PIC = NO;
				GCC_OPTIMIZATION_LEVEL = 0;
				GCC_PREPROCESSOR_DEFINITIONS = (
					"DEBUG=1",
					"$(inherited)",
				);
				GCC_SYMBOLS_PRIVATE_EXTERN = NO;
				GCC_WARN_64_TO_32_BIT_CONVERSION = YES;
				GCC_WARN_ABOUT_RETURN_TYPE = YES_ERROR;
				GCC_WARN_UNDECLARED_SELECTOR = YES;
				GCC_WARN_UNINITIALIZED_AUTOS = YES_AGGRESSIVE;
				GCC_WARN_UNUSED_FUNCTION = YES;
				GCC_WARN_UNUSED_VARIABLE = YES;
				IPHONEOS_DEPLOYMENT_TARGET = 8.1;
				MTL_ENABLE_DEBUG_INFO = YES;
				ONLY_ACTIVE_ARCH = YES;
				SDKROOT = iphoneos;
				SWIFT_OPTIMIZATION_LEVEL = "-Onone";
				TARGETED_DEVICE_FAMILY = "1,2";
			};
			name = Debug;
		};
		7A1DC3061A8FAA020055777E /* Release */ = {
			isa = XCBuildConfiguration;
			buildSettings = {
				ALWAYS_SEARCH_USER_PATHS = NO;
				CLANG_CXX_LANGUAGE_STANDARD = "gnu++0x";
				CLANG_CXX_LIBRARY = "libc++";
				CLANG_ENABLE_MODULES = YES;
				CLANG_ENABLE_OBJC_ARC = YES;
				CLANG_WARN_BOOL_CONVERSION = YES;
				CLANG_WARN_CONSTANT_CONVERSION = YES;
				CLANG_WARN_DIRECT_OBJC_ISA_USAGE = YES_ERROR;
				CLANG_WARN_EMPTY_BODY = YES;
				CLANG_WARN_ENUM_CONVERSION = YES;
				CLANG_WARN_INT_CONVERSION = YES;
				CLANG_WARN_OBJC_ROOT_CLASS = YES_ERROR;
				CLANG_WARN_UNREACHABLE_CODE = YES;
				CLANG_WARN__DUPLICATE_METHOD_MATCH = YES;
				"CODE_SIGN_IDENTITY[sdk=iphoneos*]" = "iPhone Developer";
				COPY_PHASE_STRIP = YES;
				ENABLE_NS_ASSERTIONS = NO;
				ENABLE_STRICT_OBJC_MSGSEND = YES;
				GCC_C_LANGUAGE_STANDARD = gnu99;
				GCC_WARN_64_TO_32_BIT_CONVERSION = YES;
				GCC_WARN_ABOUT_RETURN_TYPE = YES_ERROR;
				GCC_WARN_UNDECLARED_SELECTOR = YES;
				GCC_WARN_UNINITIALIZED_AUTOS = YES_AGGRESSIVE;
				GCC_WARN_UNUSED_FUNCTION = YES;
				GCC_WARN_UNUSED_VARIABLE = YES;
				IPHONEOS_DEPLOYMENT_TARGET = 8.1;
				MTL_ENABLE_DEBUG_INFO = NO;
				SDKROOT = iphoneos;
				TARGETED_DEVICE_FAMILY = "1,2";
				VALIDATE_PRODUCT = YES;
			};
			name = Release;
		};
		7A1DC3081A8FAA020055777E /* Debug */ = {
			isa = XCBuildConfiguration;
			buildSettings = {
				ASSETCATALOG_COMPILER_APPICON_NAME = AppIcon;
				INFOPLIST_FILE = Bouncelution/Info.plist;
				LD_RUNPATH_SEARCH_PATHS = "$(inherited) @executable_path/Frameworks";
				PRODUCT_NAME = "$(TARGET_NAME)";
			};
			name = Debug;
		};
		7A1DC3091A8FAA020055777E /* Release */ = {
			isa = XCBuildConfiguration;
			buildSettings = {
				ASSETCATALOG_COMPILER_APPICON_NAME = AppIcon;
				INFOPLIST_FILE = Bouncelution/Info.plist;
				LD_RUNPATH_SEARCH_PATHS = "$(inherited) @executable_path/Frameworks";
				PRODUCT_NAME = "$(TARGET_NAME)";
			};
			name = Release;
		};
		7A1DC30B1A8FAA020055777E /* Debug */ = {
			isa = XCBuildConfiguration;
			buildSettings = {
				BUNDLE_LOADER = "$(TEST_HOST)";
				FRAMEWORK_SEARCH_PATHS = (
					"$(SDKROOT)/Developer/Library/Frameworks",
					"$(inherited)",
				);
				GCC_PREPROCESSOR_DEFINITIONS = (
					"DEBUG=1",
					"$(inherited)",
				);
				INFOPLIST_FILE = BouncelutionTests/Info.plist;
				LD_RUNPATH_SEARCH_PATHS = "$(inherited) @executable_path/Frameworks @loader_path/Frameworks";
				PRODUCT_NAME = "$(TARGET_NAME)";
				TEST_HOST = "$(BUILT_PRODUCTS_DIR)/Bouncelution.app/Bouncelution";
			};
			name = Debug;
		};
		7A1DC30C1A8FAA020055777E /* Release */ = {
			isa = XCBuildConfiguration;
			buildSettings = {
				BUNDLE_LOADER = "$(TEST_HOST)";
				FRAMEWORK_SEARCH_PATHS = (
					"$(SDKROOT)/Developer/Library/Frameworks",
					"$(inherited)",
				);
				INFOPLIST_FILE = BouncelutionTests/Info.plist;
				LD_RUNPATH_SEARCH_PATHS = "$(inherited) @executable_path/Frameworks @loader_path/Frameworks";
				PRODUCT_NAME = "$(TARGET_NAME)";
				TEST_HOST = "$(BUILT_PRODUCTS_DIR)/Bouncelution.app/Bouncelution";
			};
			name = Release;
		};
/* End XCBuildConfiguration section */

/* Begin XCConfigurationList section */
		7A1DC2DF1A8FAA020055777E /* Build configuration list for PBXProject "Bouncelution" */ = {
			isa = XCConfigurationList;
			buildConfigurations = (
				7A1DC3051A8FAA020055777E /* Debug */,
				7A1DC3061A8FAA020055777E /* Release */,
			);
			defaultConfigurationIsVisible = 0;
			defaultConfigurationName = Release;
		};
		7A1DC3071A8FAA020055777E /* Build configuration list for PBXNativeTarget "Bouncelution" */ = {
			isa = XCConfigurationList;
			buildConfigurations = (
				7A1DC3081A8FAA020055777E /* Debug */,
				7A1DC3091A8FAA020055777E /* Release */,
			);
			defaultConfigurationIsVisible = 0;
			defaultConfigurationName = Release;
		};
		7A1DC30A1A8FAA020055777E /* Build configuration list for PBXNativeTarget "BouncelutionTests" */ = {
			isa = XCConfigurationList;
			buildConfigurations = (
				7A1DC30B1A8FAA020055777E /* Debug */,
				7A1DC30C1A8FAA020055777E /* Release */,
			);
			defaultConfigurationIsVisible = 0;
			defaultConfigurationName = Release;
		};
/* End XCConfigurationList section */
	};
	rootObject = 7A1DC2DC1A8FAA020055777E /* Project object */;
}
